
Microsoft Visual Studio Solution File, Format Version 12.00
# Visual Studio 15
VisualStudioVersion = 15.0.33026.149
MinimumVisualStudioVersion = 10.0.40219.1
Project("{FAE04EC0-301F-11D3-BF4B-00C04F79EFBC}") = "CodewarDemo", "CodewarDemo\CodewarDemo.csproj", "{8E258556-6D5B-41B4-94C1-77AEE28FB282}"
EndProject
Global
	GlobalSection(SolutionConfigurationPlatforms) = preSolution
		Debug|Any CPU = Debug|Any CPU
		Release|Any CPU = Release|Any CPU
	EndGlobalSection
	GlobalSection(ProjectConfigurationPlatforms) = postSolution
		{8E258556-6D5B-41B4-94C1-77AEE28FB282}.Debug|Any CPU.ActiveCfg = Debug|Any CPU
		{8E258556-6D5B-41B4-94C1-77AEE28FB282}.Debug|Any CPU.Build.0 = Debug|Any CPU
		{8E258556-6D5B-41B4-94C1-77AEE28FB282}.Release|Any CPU.ActiveCfg = Release|Any CPU
		{8E258556-6D5B-41B4-94C1-77AEE28FB282}.Release|Any CPU.Build.0 = Release|Any CPU
	EndGlobalSection
	GlobalSection(SolutionProperties) = preSolution
		HideSolutionNode = FALSE
	EndGlobalSection
	GlobalSection(ExtensibilityGlobals) = postSolution
		SolutionGuid = {E0BB929F-02AB-43D8-B46D-F86CF74BFC0C}
	EndGlobalSection
EndGlobal
